{
    "_meta": {
        "hash": {
            "sha256": "3278ce4c3833fb46260e5c3c2ac015e2a9c3f54830509bc1b5867073d2fc5b0c"
        },
        "pipfile-spec": 6,
        "requires": {
            "python_version": "3.8"
        },
        "sources": [
            {
                "name": "pypi",
                "url": "https://pypi.org/simple",
                "verify_ssl": true
            }
        ]
    },
    "default": {
        "attrs": {
            "hashes": [
                "sha256:08a96c641c3a74e44eb59afb61a24f2cb9f4d7188748e76ba4bb5edfa3cb7d1c",
                "sha256:f7b7ce16570fe9965acd6d30101a28f62fb4a7f9e926b3bbc9b61f8b04247e72"
            ],
            "version": "==19.3.0"
        },
        "gmpy2": {
            "hashes": [
                "sha256:9564deb6dcc7045749c0c5d73b23855ef6220c60b4cc6ffa4b1e0b1b1ee95eaf"
            ],
            "index": "pypi",
            "version": "==2.1.0b4"
        },
        "hypothesis": {
            "hashes": [
                "sha256:22fb60bd0c6eb7849121a7df263a91da23b4e8506d3ba9e92ac696d2720ac0f5",
                "sha256:4b4c236a2e14fca1dfc254bb38592360dfb1cbd9d3c4c410c0b7e91f37a43bf3"
            ],
            "index": "pypi",
            "version": "==5.6.0"
        },
        "sortedcontainers": {
            "hashes": [
                "sha256:974e9a32f56b17c1bac2aebd9dcf197f3eb9cd30553c5852a3187ad162e1a03a",
                "sha256:d9e96492dd51fae31e60837736b38fe42a187b5404c16606ff7ee7cd582d4c60"
            ],
            "version": "==2.1.0"
        }
    },
    "develop": {}
}
